
Microsoft Visual Studio Solution File, Format Version 12.00
# Visual Studio 15
VisualStudioVersion = 15.0.27130.2027
MinimumVisualStudioVersion = 10.0.40219.1
Project("{FAE04EC0-301F-11D3-BF4B-00C04F79EFBC}") = "BackgroundDownloaderSample", "BackgroundDownloaderSample\BackgroundDownloaderSample.csproj", "{717A3B9A-C063-40F1-8375-7F769D103153}"
EndProject
Project("{FAE04EC0-301F-11D3-BF4B-00C04F79EFBC}") = "BackgroundDownloaderSample.Tests", "BackgroundDownloaderSample.Tests\BackgroundDownloaderSample.Tests.csproj", "{E0FC5C2C-3C64-4542-A0DB-DC8059948619}"
EndProject
Global
	GlobalSection(SolutionConfigurationPlatforms) = preSolution
		Debug|Any CPU = Debug|Any CPU
		Debug|ARM = Debug|ARM
		Debug|x64 = Debug|x64
		Debug|x86 = Debug|x86
		Release|Any CPU = Release|Any CPU
		Release|ARM = Release|ARM
		Release|x64 = Release|x64
		Release|x86 = Release|x86
	EndGlobalSection
	GlobalSection(ProjectConfigurationPlatforms) = postSolution
		{717A3B9A-C063-40F1-8375-7F769D103153}.Debug|Any CPU.ActiveCfg = Debug|x86
		{717A3B9A-C063-40F1-8375-7F769D103153}.Debug|ARM.ActiveCfg = Debug|ARM
		{717A3B9A-C063-40F1-8375-7F769D103153}.Debug|ARM.Build.0 = Debug|ARM
		{717A3B9A-C063-40F1-8375-7F769D103153}.Debug|ARM.Deploy.0 = Debug|ARM
		{717A3B9A-C063-40F1-8375-7F769D103153}.Debug|x64.ActiveCfg = Debug|x64
		{717A3B9A-C063-40F1-8375-7F769D103153}.Debug|x64.Build.0 = Debug|x64
		{717A3B9A-C063-40F1-8375-7F769D103153}.Debug|x64.Deploy.0 = Debug|x64
		{717A3B9A-C063-40F1-8375-7F769D103153}.Debug|x86.ActiveCfg = Debug|x86
		{717A3B9A-C063-40F1-8375-7F769D103153}.Debug|x86.Build.0 = Debug|x86
		{717A3B9A-C063-40F1-8375-7F769D103153}.Debug|x86.Deploy.0 = Debug|x86
		{717A3B9A-C063-40F1-8375-7F769D103153}.Release|Any CPU.ActiveCfg = Release|x86
		{717A3B9A-C063-40F1-8375-7F769D103153}.Release|ARM.ActiveCfg = Release|ARM
		{717A3B9A-C063-40F1-8375-7F769D103153}.Release|ARM.Build.0 = Release|ARM
		{717A3B9A-C063-40F1-8375-7F769D103153}.Release|ARM.Deploy.0 = Release|ARM
		{717A3B9A-C063-40F1-8375-7F769D103153}.Release|x64.ActiveCfg = Release|x64
		{717A3B9A-C063-40F1-8375-7F769D103153}.Release|x64.Build.0 = Release|x64
		{717A3B9A-C063-40F1-8375-7F769D103153}.Release|x64.Deploy.0 = Release|x64
		{717A3B9A-C063-40F1-8375-7F769D103153}.Release|x86.ActiveCfg = Release|x86
		{717A3B9A-C063-40F1-8375-7F769D103153}.Release|x86.Build.0 = Release|x86
		{717A3B9A-C063-40F1-8375-7F769D103153}.Release|x86.Deploy.0 = Release|x86
		{E0FC5C2C-3C64-4542-A0DB-DC8059948619}.Debug|Any CPU.ActiveCfg = Debug|Any CPU
		{E0FC5C2C-3C64-4542-A0DB-DC8059948619}.Debug|Any CPU.Build.0 = Debug|Any CPU
		{E0FC5C2C-3C64-4542-A0DB-DC8059948619}.Debug|ARM.ActiveCfg = Debug|Any CPU
		{E0FC5C2C-3C64-4542-A0DB-DC8059948619}.Debug|ARM.Build.0 = Debug|Any CPU
		{E0FC5C2C-3C64-4542-A0DB-DC8059948619}.Debug|x64.ActiveCfg = Debug|Any CPU
		{E0FC5C2C-3C64-4542-A0DB-DC8059948619}.Debug|x64.Build.0 = Debug|Any CPU
		{E0FC5C2C-3C64-4542-A0DB-DC8059948619}.Debug|x86.ActiveCfg = Debug|Any CPU
		{E0FC5C2C-3C64-4542-A0DB-DC8059948619}.Debug|x86.Build.0 = Debug|Any CPU
		{E0FC5C2C-3C64-4542-A0DB-DC8059948619}.Release|Any CPU.ActiveCfg = Release|Any CPU
		{E0FC5C2C-3C64-4542-A0DB-DC8059948619}.Release|Any CPU.Build.0 = Release|Any CPU
		{E0FC5C2C-3C64-4542-A0DB-DC8059948619}.Release|ARM.ActiveCfg = Release|Any CPU
		{E0FC5C2C-3C64-4542-A0DB-DC8059948619}.Release|ARM.Build.0 = Release|Any CPU
		{E0FC5C2C-3C64-4542-A0DB-DC8059948619}.Release|x64.ActiveCfg = Release|Any CPU
		{E0FC5C2C-3C64-4542-A0DB-DC8059948619}.Release|x64.Build.0 = Release|Any CPU
		{E0FC5C2C-3C64-4542-A0DB-DC8059948619}.Release|x86.ActiveCfg = Release|Any CPU
		{E0FC5C2C-3C64-4542-A0DB-DC8059948619}.Release|x86.Build.0 = Release|Any CPU
	EndGlobalSection
	GlobalSection(SolutionProperties) = preSolution
		HideSolutionNode = FALSE
	EndGlobalSection
	GlobalSection(ExtensibilityGlobals) = postSolution
		SolutionGuid = {D794E0D0-C021-444E-8C73-92479FADF5B9}
	EndGlobalSection
EndGlobal
